
Microsoft Visual Studio Solution File, Format Version 12.00
# Visual Studio 14
VisualStudioVersion = 14.0.25123.0
MinimumVisualStudioVersion = 10.0.40219.1
Project("{781B5938-E1E2-44F3-8151-43CF14DBFF57}") = "Sitecore.Support.167837", "Sitecore.Support.167837\Sitecore.Support.167837.csproj", "{61127556-627F-4F2E-8B76-77D28A0A883E}"
EndProject
Global
	GlobalSection(SolutionConfigurationPlatforms) = preSolution
		Debug|Any CPU = Debug|Any CPU
		Release|Any CPU = Release|Any CPU
	EndGlobalSection
	GlobalSection(ProjectConfigurationPlatforms) = postSolution
		{61127556-627F-4F2E-8B76-77D28A0A883E}.Debug|Any CPU.ActiveCfg = Debug|Any CPU
		{61127556-627F-4F2E-8B76-77D28A0A883E}.Debug|Any CPU.Build.0 = Debug|Any CPU
		{61127556-627F-4F2E-8B76-77D28A0A883E}.Release|Any CPU.ActiveCfg = Release|Any CPU
		{61127556-627F-4F2E-8B76-77D28A0A883E}.Release|Any CPU.Build.0 = Release|Any CPU
	EndGlobalSection
	GlobalSection(SolutionProperties) = preSolution
		HideSolutionNode = FALSE
	EndGlobalSection
EndGlobal
